
Microsoft Visual Studio Solution File, Format Version 12.00
# Visual Studio Version 16
VisualStudioVersion = 16.0.29505.145
MinimumVisualStudioVersion = 10.0.40219.1
Project("{9A19103F-16F7-4668-BE54-9A1E7A4F7556}") = "LinqKitExampleConsoleApp", "LinqKitExampleConsoleApp\LinqKitExampleConsoleApp.csproj", "{C876A284-F4E1-4670-B6C5-6C819E8C623C}"
EndProject
Project("{9A19103F-16F7-4668-BE54-9A1E7A4F7556}") = "LinqKitClassLibrary", "LinqKitClassLibrary\LinqKitClassLibrary.csproj", "{662A8700-AEF6-4D72-A45C-71DD68031F24}"
EndProject
Project("{9A19103F-16F7-4668-BE54-9A1E7A4F7556}") = "ConsoleAppForTestingEFCore3", "ConsoleAppForTestingEFCore3\ConsoleAppForTestingEFCore3.csproj", "{FAD116F9-4877-4806-822D-8CE006B52995}"
EndProject
Project("{9A19103F-16F7-4668-BE54-9A1E7A4F7556}") = "LinqKit.Microsoft.EntityFrameworkCore", "..\LINQKit\src\LinqKit.Microsoft.EntityFrameworkCore\LinqKit.Microsoft.EntityFrameworkCore.csproj", "{77F3C3A8-6129-4AD2-A775-CDBFBE3A7ABB}"
EndProject
Project("{9A19103F-16F7-4668-BE54-9A1E7A4F7556}") = "LinqKit.Core", "..\LINQKit\src\LinqKit.Core\LinqKit.Core.csproj", "{40DDE896-9F82-4958-90DE-EF7F015B5930}"
EndProject
Global
	GlobalSection(SolutionConfigurationPlatforms) = preSolution
		Debug|Any CPU = Debug|Any CPU
		Release|Any CPU = Release|Any CPU
	EndGlobalSection
	GlobalSection(ProjectConfigurationPlatforms) = postSolution
		{C876A284-F4E1-4670-B6C5-6C819E8C623C}.Debug|Any CPU.ActiveCfg = Debug|Any CPU
		{C876A284-F4E1-4670-B6C5-6C819E8C623C}.Debug|Any CPU.Build.0 = Debug|Any CPU
		{C876A284-F4E1-4670-B6C5-6C819E8C623C}.Release|Any CPU.ActiveCfg = Release|Any CPU
		{C876A284-F4E1-4670-B6C5-6C819E8C623C}.Release|Any CPU.Build.0 = Release|Any CPU
		{662A8700-AEF6-4D72-A45C-71DD68031F24}.Debug|Any CPU.ActiveCfg = Debug|Any CPU
		{662A8700-AEF6-4D72-A45C-71DD68031F24}.Debug|Any CPU.Build.0 = Debug|Any CPU
		{662A8700-AEF6-4D72-A45C-71DD68031F24}.Release|Any CPU.ActiveCfg = Release|Any CPU
		{662A8700-AEF6-4D72-A45C-71DD68031F24}.Release|Any CPU.Build.0 = Release|Any CPU
		{FAD116F9-4877-4806-822D-8CE006B52995}.Debug|Any CPU.ActiveCfg = Debug|Any CPU
		{FAD116F9-4877-4806-822D-8CE006B52995}.Debug|Any CPU.Build.0 = Debug|Any CPU
		{FAD116F9-4877-4806-822D-8CE006B52995}.Release|Any CPU.ActiveCfg = Release|Any CPU
		{FAD116F9-4877-4806-822D-8CE006B52995}.Release|Any CPU.Build.0 = Release|Any CPU
		{77F3C3A8-6129-4AD2-A775-CDBFBE3A7ABB}.Debug|Any CPU.ActiveCfg = Debug|Any CPU
		{77F3C3A8-6129-4AD2-A775-CDBFBE3A7ABB}.Debug|Any CPU.Build.0 = Debug|Any CPU
		{77F3C3A8-6129-4AD2-A775-CDBFBE3A7ABB}.Release|Any CPU.ActiveCfg = Release|Any CPU
		{77F3C3A8-6129-4AD2-A775-CDBFBE3A7ABB}.Release|Any CPU.Build.0 = Release|Any CPU
		{40DDE896-9F82-4958-90DE-EF7F015B5930}.Debug|Any CPU.ActiveCfg = Debug|Any CPU
		{40DDE896-9F82-4958-90DE-EF7F015B5930}.Debug|Any CPU.Build.0 = Debug|Any CPU
		{40DDE896-9F82-4958-90DE-EF7F015B5930}.Release|Any CPU.ActiveCfg = Release|Any CPU
		{40DDE896-9F82-4958-90DE-EF7F015B5930}.Release|Any CPU.Build.0 = Release|Any CPU
	EndGlobalSection
	GlobalSection(SolutionProperties) = preSolution
		HideSolutionNode = FALSE
	EndGlobalSection
	GlobalSection(ExtensibilityGlobals) = postSolution
		SolutionGuid = {0AC757D3-AC6E-4206-934C-B0673A3C0FCB}
	EndGlobalSection
EndGlobal
